
Microsoft Visual Studio Solution File, Format Version 12.00
# Visual Studio Version 16
VisualStudioVersion = 16.0.33328.57
MinimumVisualStudioVersion = 10.0.40219.1
Project("{FAE04EC0-301F-11D3-BF4B-00C04F79EFBC}") = "Calculadora", "Calculadora.csproj", "{FBAEB5B9-E8CA-41D7-83F5-7F407271D1C5}"
EndProject
Global
	GlobalSection(SolutionConfigurationPlatforms) = preSolution
		Debug|Any CPU = Debug|Any CPU
		Release|Any CPU = Release|Any CPU
	EndGlobalSection
	GlobalSection(ProjectConfigurationPlatforms) = postSolution
		{FBAEB5B9-E8CA-41D7-83F5-7F407271D1C5}.Debug|Any CPU.ActiveCfg = Debug|Any CPU
		{FBAEB5B9-E8CA-41D7-83F5-7F407271D1C5}.Debug|Any CPU.Build.0 = Debug|Any CPU
		{FBAEB5B9-E8CA-41D7-83F5-7F407271D1C5}.Release|Any CPU.ActiveCfg = Release|Any CPU
		{FBAEB5B9-E8CA-41D7-83F5-7F407271D1C5}.Release|Any CPU.Build.0 = Release|Any CPU
	EndGlobalSection
	GlobalSection(SolutionProperties) = preSolution
		HideSolutionNode = FALSE
	EndGlobalSection
	GlobalSection(ExtensibilityGlobals) = postSolution
		SolutionGuid = {B1A4F8B3-122D-4E69-9A22-AAABCC919E4D}
	EndGlobalSection
EndGlobal
